
Microsoft Visual Studio Solution File, Format Version 12.00
# Visual Studio Version 16
VisualStudioVersion = 16.0.32106.194
MinimumVisualStudioVersion = 10.0.40219.1
Project("{FAE04EC0-301F-11D3-BF4B-00C04F79EFBC}") = "TravelProject", "TravelProject\TravelProject.csproj", "{365EE82D-E9CB-436B-9CF9-F78AA8DE5CDF}"
EndProject
Global
	GlobalSection(SolutionConfigurationPlatforms) = preSolution
		Debug|Any CPU = Debug|Any CPU
		Release|Any CPU = Release|Any CPU
	EndGlobalSection
	GlobalSection(ProjectConfigurationPlatforms) = postSolution
		{365EE82D-E9CB-436B-9CF9-F78AA8DE5CDF}.Debug|Any CPU.ActiveCfg = Debug|Any CPU
		{365EE82D-E9CB-436B-9CF9-F78AA8DE5CDF}.Debug|Any CPU.Build.0 = Debug|Any CPU
		{365EE82D-E9CB-436B-9CF9-F78AA8DE5CDF}.Release|Any CPU.ActiveCfg = Release|Any CPU
		{365EE82D-E9CB-436B-9CF9-F78AA8DE5CDF}.Release|Any CPU.Build.0 = Release|Any CPU
	EndGlobalSection
	GlobalSection(SolutionProperties) = preSolution
		HideSolutionNode = FALSE
	EndGlobalSection
	GlobalSection(ExtensibilityGlobals) = postSolution
		SolutionGuid = {1644D13C-9F63-4F4D-8916-515826C09B0B}
	EndGlobalSection
EndGlobal
